
Microsoft Visual Studio Solution File, Format Version 12.00
# Visual Studio Version 17
VisualStudioVersion = 17.1.32210.238
MinimumVisualStudioVersion = 10.0.40219.1
Project("{FAE04EC0-301F-11D3-BF4B-00C04F79EFBC}") = "Buoi01_1", "Buoi01_1\Buoi01_1.csproj", "{0CCF2FE5-1F62-4AAD-8404-578230DEFC10}"
EndProject
Project("{FAE04EC0-301F-11D3-BF4B-00C04F79EFBC}") = "Buoi01_2", "Buoi01_2\Buoi01_2.csproj", "{F90DCA50-DA69-4374-814B-7B3F3871F5B9}"
EndProject
Project("{FAE04EC0-301F-11D3-BF4B-00C04F79EFBC}") = "Buoi01_3", "Buoi01_3\Buoi01_3.csproj", "{70D87AA2-4778-4804-9E75-1B7AF36FFDF1}"
EndProject
Project("{FAE04EC0-301F-11D3-BF4B-00C04F79EFBC}") = "Buoi01_4", "Buoi01_4\Buoi01_4.csproj", "{3A4CADBE-5529-40C3-A3E2-9D44B0D452E2}"
EndProject
Project("{FAE04EC0-301F-11D3-BF4B-00C04F79EFBC}") = "Buoi01_5", "Buoi01_5\Buoi01_5.csproj", "{ACE29760-CD31-4A74-8721-5997E5DD5B50}"
EndProject
Project("{FAE04EC0-301F-11D3-BF4B-00C04F79EFBC}") = "Buoi01_6", "Buoi01_6\Buoi01_6.csproj", "{9F962C10-D2D2-4BBF-A143-954B17F974D2}"
EndProject
Project("{FAE04EC0-301F-11D3-BF4B-00C04F79EFBC}") = "Buoi01_7", "Buoi01_7\Buoi01_7.csproj", "{ED528724-2725-4DF1-91A3-54BFBE5BEB89}"
EndProject
Project("{FAE04EC0-301F-11D3-BF4B-00C04F79EFBC}") = "Buoi03_01", "Buoi03_2\Buoi03_01.csproj", "{68481D45-3191-4145-A8DD-3337F2C9212E}"
EndProject
Project("{FAE04EC0-301F-11D3-BF4B-00C04F79EFBC}") = "Buoi03_02", "Buoi03_02\Buoi03_02.csproj", "{9F2DFE7C-3B89-47B3-BFCF-9B6C82725CD4}"
EndProject
Project("{FAE04EC0-301F-11D3-BF4B-00C04F79EFBC}") = "Buoi03_3", "Buoi03_3\Buoi03_3.csproj", "{E4D35F55-6A43-450C-BB8C-72D0AD244DB7}"
EndProject
Project("{FAE04EC0-301F-11D3-BF4B-00C04F79EFBC}") = "Buoi05_1", "Buoi05_1\Buoi05_1.csproj", "{CACDC436-716F-44E1-B619-9E53EDAEA5BC}"
EndProject
Project("{FAE04EC0-301F-11D3-BF4B-00C04F79EFBC}") = "Buoi05_2", "Buoi05_2\Buoi05_2.csproj", "{D1D4D154-6A87-4D8A-9698-80D3F716BE74}"
EndProject
Project("{FAE04EC0-301F-11D3-BF4B-00C04F79EFBC}") = "Buoi05_3", "Buoi05_3\Buoi05_3.csproj", "{25581F63-3591-4DAD-97F6-D0E04AD4ADC8}"
EndProject
Global
	GlobalSection(SolutionConfigurationPlatforms) = preSolution
		Debug|Any CPU = Debug|Any CPU
		Release|Any CPU = Release|Any CPU
	EndGlobalSection
	GlobalSection(ProjectConfigurationPlatforms) = postSolution
		{0CCF2FE5-1F62-4AAD-8404-578230DEFC10}.Debug|Any CPU.ActiveCfg = Debug|Any CPU
		{0CCF2FE5-1F62-4AAD-8404-578230DEFC10}.Debug|Any CPU.Build.0 = Debug|Any CPU
		{0CCF2FE5-1F62-4AAD-8404-578230DEFC10}.Release|Any CPU.ActiveCfg = Release|Any CPU
		{0CCF2FE5-1F62-4AAD-8404-578230DEFC10}.Release|Any CPU.Build.0 = Release|Any CPU
		{F90DCA50-DA69-4374-814B-7B3F3871F5B9}.Debug|Any CPU.ActiveCfg = Debug|Any CPU
		{F90DCA50-DA69-4374-814B-7B3F3871F5B9}.Debug|Any CPU.Build.0 = Debug|Any CPU
		{F90DCA50-DA69-4374-814B-7B3F3871F5B9}.Release|Any CPU.ActiveCfg = Release|Any CPU
		{F90DCA50-DA69-4374-814B-7B3F3871F5B9}.Release|Any CPU.Build.0 = Release|Any CPU
		{70D87AA2-4778-4804-9E75-1B7AF36FFDF1}.Debug|Any CPU.ActiveCfg = Debug|Any CPU
		{70D87AA2-4778-4804-9E75-1B7AF36FFDF1}.Debug|Any CPU.Build.0 = Debug|Any CPU
		{70D87AA2-4778-4804-9E75-1B7AF36FFDF1}.Release|Any CPU.ActiveCfg = Release|Any CPU
		{70D87AA2-4778-4804-9E75-1B7AF36FFDF1}.Release|Any CPU.Build.0 = Release|Any CPU
		{3A4CADBE-5529-40C3-A3E2-9D44B0D452E2}.Debug|Any CPU.ActiveCfg = Debug|Any CPU
		{3A4CADBE-5529-40C3-A3E2-9D44B0D452E2}.Debug|Any CPU.Build.0 = Debug|Any CPU
		{3A4CADBE-5529-40C3-A3E2-9D44B0D452E2}.Release|Any CPU.ActiveCfg = Release|Any CPU
		{3A4CADBE-5529-40C3-A3E2-9D44B0D452E2}.Release|Any CPU.Build.0 = Release|Any CPU
		{ACE29760-CD31-4A74-8721-5997E5DD5B50}.Debug|Any CPU.ActiveCfg = Debug|Any CPU
		{ACE29760-CD31-4A74-8721-5997E5DD5B50}.Debug|Any CPU.Build.0 = Debug|Any CPU
		{ACE29760-CD31-4A74-8721-5997E5DD5B50}.Release|Any CPU.ActiveCfg = Release|Any CPU
		{ACE29760-CD31-4A74-8721-5997E5DD5B50}.Release|Any CPU.Build.0 = Release|Any CPU
		{9F962C10-D2D2-4BBF-A143-954B17F974D2}.Debug|Any CPU.ActiveCfg = Debug|Any CPU
		{9F962C10-D2D2-4BBF-A143-954B17F974D2}.Debug|Any CPU.Build.0 = Debug|Any CPU
		{9F962C10-D2D2-4BBF-A143-954B17F974D2}.Release|Any CPU.ActiveCfg = Release|Any CPU
		{9F962C10-D2D2-4BBF-A143-954B17F974D2}.Release|Any CPU.Build.0 = Release|Any CPU
		{ED528724-2725-4DF1-91A3-54BFBE5BEB89}.Debug|Any CPU.ActiveCfg = Debug|Any CPU
		{ED528724-2725-4DF1-91A3-54BFBE5BEB89}.Debug|Any CPU.Build.0 = Debug|Any CPU
		{ED528724-2725-4DF1-91A3-54BFBE5BEB89}.Release|Any CPU.ActiveCfg = Release|Any CPU
		{ED528724-2725-4DF1-91A3-54BFBE5BEB89}.Release|Any CPU.Build.0 = Release|Any CPU
		{68481D45-3191-4145-A8DD-3337F2C9212E}.Debug|Any CPU.ActiveCfg = Debug|Any CPU
		{68481D45-3191-4145-A8DD-3337F2C9212E}.Debug|Any CPU.Build.0 = Debug|Any CPU
		{68481D45-3191-4145-A8DD-3337F2C9212E}.Release|Any CPU.ActiveCfg = Release|Any CPU
		{68481D45-3191-4145-A8DD-3337F2C9212E}.Release|Any CPU.Build.0 = Release|Any CPU
		{9F2DFE7C-3B89-47B3-BFCF-9B6C82725CD4}.Debug|Any CPU.ActiveCfg = Debug|Any CPU
		{9F2DFE7C-3B89-47B3-BFCF-9B6C82725CD4}.Debug|Any CPU.Build.0 = Debug|Any CPU
		{9F2DFE7C-3B89-47B3-BFCF-9B6C82725CD4}.Release|Any CPU.ActiveCfg = Release|Any CPU
		{9F2DFE7C-3B89-47B3-BFCF-9B6C82725CD4}.Release|Any CPU.Build.0 = Release|Any CPU
		{E4D35F55-6A43-450C-BB8C-72D0AD244DB7}.Debug|Any CPU.ActiveCfg = Debug|Any CPU
		{E4D35F55-6A43-450C-BB8C-72D0AD244DB7}.Debug|Any CPU.Build.0 = Debug|Any CPU
		{E4D35F55-6A43-450C-BB8C-72D0AD244DB7}.Release|Any CPU.ActiveCfg = Release|Any CPU
		{E4D35F55-6A43-450C-BB8C-72D0AD244DB7}.Release|Any CPU.Build.0 = Release|Any CPU
		{CACDC436-716F-44E1-B619-9E53EDAEA5BC}.Debug|Any CPU.ActiveCfg = Debug|Any CPU
		{CACDC436-716F-44E1-B619-9E53EDAEA5BC}.Debug|Any CPU.Build.0 = Debug|Any CPU
		{CACDC436-716F-44E1-B619-9E53EDAEA5BC}.Release|Any CPU.ActiveCfg = Release|Any CPU
		{CACDC436-716F-44E1-B619-9E53EDAEA5BC}.Release|Any CPU.Build.0 = Release|Any CPU
		{D1D4D154-6A87-4D8A-9698-80D3F716BE74}.Debug|Any CPU.ActiveCfg = Debug|Any CPU
		{D1D4D154-6A87-4D8A-9698-80D3F716BE74}.Debug|Any CPU.Build.0 = Debug|Any CPU
		{D1D4D154-6A87-4D8A-9698-80D3F716BE74}.Release|Any CPU.ActiveCfg = Release|Any CPU
		{D1D4D154-6A87-4D8A-9698-80D3F716BE74}.Release|Any CPU.Build.0 = Release|Any CPU
		{25581F63-3591-4DAD-97F6-D0E04AD4ADC8}.Debug|Any CPU.ActiveCfg = Debug|Any CPU
		{25581F63-3591-4DAD-97F6-D0E04AD4ADC8}.Debug|Any CPU.Build.0 = Debug|Any CPU
		{25581F63-3591-4DAD-97F6-D0E04AD4ADC8}.Release|Any CPU.ActiveCfg = Release|Any CPU
		{25581F63-3591-4DAD-97F6-D0E04AD4ADC8}.Release|Any CPU.Build.0 = Release|Any CPU
	EndGlobalSection
	GlobalSection(SolutionProperties) = preSolution
		HideSolutionNode = FALSE
	EndGlobalSection
	GlobalSection(ExtensibilityGlobals) = postSolution
		SolutionGuid = {79C2F0BC-2735-4321-8702-85F948AC0A45}
	EndGlobalSection
EndGlobal
